
Microsoft Visual Studio Solution File, Format Version 12.00
# Visual Studio 15
VisualStudioVersion = 15.0.27703.2018
MinimumVisualStudioVersion = 10.0.40219.1
Project("{9A19103F-16F7-4668-BE54-9A1E7A4F7556}") = "EmployeeDetails.Server", "EmployeeDetails.Server\EmployeeDetails.Server.csproj", "{1D5BB799-5F3B-4818-B7DF-C07F5F70A36F}"
EndProject
Project("{9A19103F-16F7-4668-BE54-9A1E7A4F7556}") = "EmployeeDetails.App", "EmployeeDetails.App\EmployeeDetails.App.csproj", "{09EAEE28-69CA-409D-B137-4B500439776B}"
EndProject
Project("{FAE04EC0-301F-11D3-BF4B-00C04F79EFBC}") = "EmployeeDetails.Shared", "EmployeeDetails.Shared\EmployeeDetails.Shared.csproj", "{C9F133C1-D72F-4859-A5A3-F2BF34242BE0}"
EndProject
Global
	GlobalSection(SolutionConfigurationPlatforms) = preSolution
		Debug|Any CPU = Debug|Any CPU
		Release|Any CPU = Release|Any CPU
	EndGlobalSection
	GlobalSection(ProjectConfigurationPlatforms) = postSolution
		{1D5BB799-5F3B-4818-B7DF-C07F5F70A36F}.Debug|Any CPU.ActiveCfg = Debug|Any CPU
		{1D5BB799-5F3B-4818-B7DF-C07F5F70A36F}.Debug|Any CPU.Build.0 = Debug|Any CPU
		{1D5BB799-5F3B-4818-B7DF-C07F5F70A36F}.Release|Any CPU.ActiveCfg = Release|Any CPU
		{1D5BB799-5F3B-4818-B7DF-C07F5F70A36F}.Release|Any CPU.Build.0 = Release|Any CPU
		{09EAEE28-69CA-409D-B137-4B500439776B}.Debug|Any CPU.ActiveCfg = Debug|Any CPU
		{09EAEE28-69CA-409D-B137-4B500439776B}.Debug|Any CPU.Build.0 = Debug|Any CPU
		{09EAEE28-69CA-409D-B137-4B500439776B}.Release|Any CPU.ActiveCfg = Release|Any CPU
		{09EAEE28-69CA-409D-B137-4B500439776B}.Release|Any CPU.Build.0 = Release|Any CPU
		{C9F133C1-D72F-4859-A5A3-F2BF34242BE0}.Debug|Any CPU.ActiveCfg = Debug|Any CPU
		{C9F133C1-D72F-4859-A5A3-F2BF34242BE0}.Debug|Any CPU.Build.0 = Debug|Any CPU
		{C9F133C1-D72F-4859-A5A3-F2BF34242BE0}.Release|Any CPU.ActiveCfg = Release|Any CPU
		{C9F133C1-D72F-4859-A5A3-F2BF34242BE0}.Release|Any CPU.Build.0 = Release|Any CPU
	EndGlobalSection
	GlobalSection(SolutionProperties) = preSolution
		HideSolutionNode = FALSE
	EndGlobalSection
	GlobalSection(ExtensibilityGlobals) = postSolution
		SolutionGuid = {48339193-029A-47FB-BFE2-387A83E52772}
	EndGlobalSection
EndGlobal
